// !$*UTF8*$!
{
	archiveVersion = 1;
	classes = {
	};
	objectVersion = 50;
	objects = {

/* Begin PBXBuildFile section */
		A684129420A57108004BA33D /* AppDelegate.swift in Sources */ = {isa = PBXBuildFile; fileRef = A684129320A57108004BA33D /* AppDelegate.swift */; };
		A684129620A57108004BA33D /* ViewController.swift in Sources */ = {isa = PBXBuildFile; fileRef = A684129520A57108004BA33D /* ViewController.swift */; };
		A684129920A57108004BA33D /* Main.storyboard in Resources */ = {isa = PBXBuildFile; fileRef = A684129720A57108004BA33D /* Main.storyboard */; };
		A684129B20A57109004BA33D /* Assets.xcassets in Resources */ = {isa = PBXBuildFile; fileRef = A684129A20A57109004BA33D /* Assets.xcassets */; };
		A684129E20A57109004BA33D /* LaunchScreen.storyboard in Resources */ = {isa = PBXBuildFile; fileRef = A684129C20A57109004BA33D /* LaunchScreen.storyboard */; };
		A68412A920A57109004BA33D /* PropIQCreativeLabsTests.swift in Sources */ = {isa = PBXBuildFile; fileRef = A68412A820A57109004BA33D /* PropIQCreativeLabsTests.swift */; };
		A68412B420A57109004BA33D /* PropIQCreativeLabsUITests.swift in Sources */ = {isa = PBXBuildFile; fileRef = A68412B320A57109004BA33D /* PropIQCreativeLabsUITests.swift */; };
/* End PBXBuildFile section */

/* Begin PBXContainerItemProxy section */
		A68412A520A57109004BA33D /* PBXContainerItemProxy */ = {
			isa = PBXContainerItemProxy;
			containerPortal = A684128820A57108004BA33D /* Project object */;
			proxyType = 1;
			remoteGlobalIDString = A684128F20A57108004BA33D;
			remoteInfo = PropIQCreativeLabs;
		};
		A68412B020A57109004BA33D /* PBXContainerItemProxy */ = {
			isa = PBXContainerItemProxy;
			containerPortal = A684128820A57108004BA33D /* Project object */;
			proxyType = 1;
			remoteGlobalIDString = A684128F20A57108004BA33D;
			remoteInfo = PropIQCreativeLabs;
		};
/* End PBXContainerItemProxy section */

/* Begin PBXFileReference section */
		A684129020A57108004BA33D /* PropIQCreativeLabs.app */ = {isa = PBXFileReference; explicitFileType = wrapper.application; includeInIndex = 0; path = PropIQCreativeLabs.app; sourceTree = BUILT_PRODUCTS_DIR; };
		A684129320A57108004BA33D /* AppDelegate.swift */ = {isa = PBXFileReference; lastKnownFileType = sourcecode.swift; path = AppDelegate.swift; sourceTree = "<group>"; };
		A684129520A57108004BA33D /* ViewController.swift */ = {isa = PBXFileReference; lastKnownFileType = sourcecode.swift; path = ViewController.swift; sourceTree = "<group>"; };
		A684129820A57108004BA33D /* Base */ = {isa = PBXFileReference; lastKnownFileType = file.storyboard; name = Base; path = Base.lproj/Main.storyboard; sourceTree = "<group>"; };
		A684129A20A57109004BA33D /* Assets.xcassets */ = {isa = PBXFileReference; lastKnownFileType = folder.assetcatalog; path = Assets.xcassets; sourceTree = "<group>"; };
		A684129D20A57109004BA33D /* Base */ = {isa = PBXFileReference; lastKnownFileType = file.storyboard; name = Base; path = Base.lproj/LaunchScreen.storyboard; sourceTree = "<group>"; };
		A684129F20A57109004BA33D /* Info.plist */ = {isa = PBXFileReference; lastKnownFileType = text.plist.xml; path = Info.plist; sourceTree = "<group>"; };
		A68412A420A57109004BA33D /* PropIQCreativeLabsTests.xctest */ = {isa = PBXFileReference; explicitFileType = wrapper.cfbundle; includeInIndex = 0; path = PropIQCreativeLabsTests.xctest; sourceTree = BUILT_PRODUCTS_DIR; };
		A68412A820A57109004BA33D /* PropIQCreativeLabsTests.swift */ = {isa = PBXFileReference; lastKnownFileType = sourcecode.swift; path = PropIQCreativeLabsTests.swift; sourceTree = "<group>"; };
		A68412AA20A57109004BA33D /* Info.plist */ = {isa = PBXFileReference; lastKnownFileType = text.plist.xml; path = Info.plist; sourceTree = "<group>"; };
		A68412AF20A57109004BA33D /* PropIQCreativeLabsUITests.xctest */ = {isa = PBXFileReference; explicitFileType = wrapper.cfbundle; includeInIndex = 0; path = PropIQCreativeLabsUITests.xctest; sourceTree = BUILT_PRODUCTS_DIR; };
		A68412B320A57109004BA33D /* PropIQCreativeLabsUITests.swift */ = {isa = PBXFileReference; lastKnownFileType = sourcecode.swift; path = PropIQCreativeLabsUITests.swift; sourceTree = "<group>"; };
		A68412B520A57109004BA33D /* Info.plist */ = {isa = PBXFileReference; lastKnownFileType = text.plist.xml; path = Info.plist; sourceTree = "<group>"; };
/* End PBXFileReference section */

/* Begin PBXFrameworksBuildPhase section */
		A684128D20A57108004BA33D /* Frameworks */ = {
			isa = PBXFrameworksBuildPhase;
			buildActionMask = 2147483647;
			files = (
			);
			runOnlyForDeploymentPostprocessing = 0;
		};
		A68412A120A57109004BA33D /* Frameworks */ = {
			isa = PBXFrameworksBuildPhase;
			buildActionMask = 2147483647;
			files = (
			);
			runOnlyForDeploymentPostprocessing = 0;
		};
		A68412AC20A57109004BA33D /* Frameworks */ = {
			isa = PBXFrameworksBuildPhase;
			buildActionMask = 2147483647;
			files = (
			);
			runOnlyForDeploymentPostprocessing = 0;
		};
/* End PBXFrameworksBuildPhase section */

/* Begin PBXGroup section */
		A684128720A57108004BA33D = {
			isa = PBXGroup;
			children = (
				A684129220A57108004BA33D /* PropIQCreativeLabs */,
				A68412A720A57109004BA33D /* PropIQCreativeLabsTests */,
				A68412B220A57109004BA33D /* PropIQCreativeLabsUITests */,
				A684129120A57108004BA33D /* Products */,
			);
			sourceTree = "<group>";
		};
		A684129120A57108004BA33D /* Products */ = {
			isa = PBXGroup;
			children = (
				A684129020A57108004BA33D /* PropIQCreativeLabs.app */,
				A68412A420A57109004BA33D /* PropIQCreativeLabsTests.xctest */,
				A68412AF20A57109004BA33D /* PropIQCreativeLabsUITests.xctest */,
			);
			name = Products;
			sourceTree = "<group>";
		};
		A684129220A57108004BA33D /* PropIQCreativeLabs */ = {
			isa = PBXGroup;
			children = (
				A684129320A57108004BA33D /* AppDelegate.swift */,
				A684129520A57108004BA33D /* ViewController.swift */,
				A684129720A57108004BA33D /* Main.storyboard */,
				A684129A20A57109004BA33D /* Assets.xcassets */,
				A684129C20A57109004BA33D /* LaunchScreen.storyboard */,
				A684129F20A57109004BA33D /* Info.plist */,
			);
			path = PropIQCreativeLabs;
			sourceTree = "<group>";
		};
		A68412A720A57109004BA33D /* PropIQCreativeLabsTests */ = {
			isa = PBXGroup;
			children = (
				A68412A820A57109004BA33D /* PropIQCreativeLabsTests.swift */,
				A68412AA20A57109004BA33D /* Info.plist */,
			);
			path = PropIQCreativeLabsTests;
			sourceTree = "<group>";
		};
		A68412B220A57109004BA33D /* PropIQCreativeLabsUITests */ = {
			isa = PBXGroup;
			children = (
				A68412B320A57109004BA33D /* PropIQCreativeLabsUITests.swift */,
				A68412B520A57109004BA33D /* Info.plist */,
			);
			path = PropIQCreativeLabsUITests;
			sourceTree = "<group>";
		};
/* End PBXGroup section */

/* Begin PBXNativeTarget section */
		A684128F20A57108004BA33D /* PropIQCreativeLabs */ = {
			isa = PBXNativeTarget;
			buildConfigurationList = A68412B820A57109004BA33D /* Build configuration list for PBXNativeTarget "PropIQCreativeLabs" */;
			buildPhases = (
				A684128C20A57108004BA33D /* Sources */,
				A684128D20A57108004BA33D /* Frameworks */,
				A684128E20A57108004BA33D /* Resources */,
			);
			buildRules = (
			);
			dependencies = (
			);
			name = PropIQCreativeLabs;
			productName = PropIQCreativeLabs;
			productReference = A684129020A57108004BA33D /* PropIQCreativeLabs.app */;
			productType = "com.apple.product-type.application";
		};
		A68412A320A57109004BA33D /* PropIQCreativeLabsTests */ = {
			isa = PBXNativeTarget;
			buildConfigurationList = A68412BB20A57109004BA33D /* Build configuration list for PBXNativeTarget "PropIQCreativeLabsTests" */;
			buildPhases = (
				A68412A020A57109004BA33D /* Sources */,
				A68412A120A57109004BA33D /* Frameworks */,
				A68412A220A57109004BA33D /* Resources */,
			);
			buildRules = (
			);
			dependencies = (
				A68412A620A57109004BA33D /* PBXTargetDependency */,
			);
			name = PropIQCreativeLabsTests;
			productName = PropIQCreativeLabsTests;
			productReference = A68412A420A57109004BA33D /* PropIQCreativeLabsTests.xctest */;
			productType = "com.apple.product-type.bundle.unit-test";
		};
		A68412AE20A57109004BA33D /* PropIQCreativeLabsUITests */ = {
			isa = PBXNativeTarget;
			buildConfigurationList = A68412BE20A57109004BA33D /* Build configuration list for PBXNativeTarget "PropIQCreativeLabsUITests" */;
			buildPhases = (
				A68412AB20A57109004BA33D /* Sources */,
				A68412AC20A57109004BA33D /* Frameworks */,
				A68412AD20A57109004BA33D /* Resources */,
			);
			buildRules = (
			);
			dependencies = (
				A68412B120A57109004BA33D /* PBXTargetDependency */,
			);
			name = PropIQCreativeLabsUITests;
			productName = PropIQCreativeLabsUITests;
			productReference = A68412AF20A57109004BA33D /* PropIQCreativeLabsUITests.xctest */;
			productType = "com.apple.product-type.bundle.ui-testing";
		};
/* End PBXNativeTarget section */

/* Begin PBXProject section */
		A684128820A57108004BA33D /* Project object */ = {
			isa = PBXProject;
			attributes = {
				LastSwiftUpdateCheck = 0930;
				LastUpgradeCheck = 0930;
				ORGANIZATIONNAME = "Tangerine Creative";
				TargetAttributes = {
					A684128F20A57108004BA33D = {
						CreatedOnToolsVersion = 9.3;
					};
					A68412A320A57109004BA33D = {
						CreatedOnToolsVersion = 9.3;
						TestTargetID = A684128F20A57108004BA33D;
					};
					A68412AE20A57109004BA33D = {
						CreatedOnToolsVersion = 9.3;
						TestTargetID = A684128F20A57108004BA33D;
					};
				};
			};
			buildConfigurationList = A684128B20A57108004BA33D /* Build configuration list for PBXProject "PropIQCreativeLabs" */;
			compatibilityVersion = "Xcode 9.3";
			developmentRegion = en;
			hasScannedForEncodings = 0;
			knownRegions = (
				en,
				Base,
			);
			mainGroup = A684128720A57108004BA33D;
			productRefGroup = A684129120A57108004BA33D /* Products */;
			projectDirPath = "";
			projectRoot = "";
			targets = (
				A684128F20A57108004BA33D /* PropIQCreativeLabs */,
				A68412A320A57109004BA33D /* PropIQCreativeLabsTests */,
				A68412AE20A57109004BA33D /* PropIQCreativeLabsUITests */,
			);
		};
/* End PBXProject section */

/* Begin PBXResourcesBuildPhase section */
		A684128E20A57108004BA33D /* Resources */ = {
			isa = PBXResourcesBuildPhase;
			buildActionMask = 2147483647;
			files = (
				A684129E20A57109004BA33D /* LaunchScreen.storyboard in Resources */,
				A684129B20A57109004BA33D /* Assets.xcassets in Resources */,
				A684129920A57108004BA33D /* Main.storyboard in Resources */,
			);
			runOnlyForDeploymentPostprocessing = 0;
		};
		A68412A220A57109004BA33D /* Resources */ = {
			isa = PBXResourcesBuildPhase;
			buildActionMask = 2147483647;
			files = (
			);
			runOnlyForDeploymentPostprocessing = 0;
		};
		A68412AD20A57109004BA33D /* Resources */ = {
			isa = PBXResourcesBuildPhase;
			buildActionMask = 2147483647;
			files = (
			);
			runOnlyForDeploymentPostprocessing = 0;
		};
/* End PBXResourcesBuildPhase section */

/* Begin PBXSourcesBuildPhase section */
		A684128C20A57108004BA33D /* Sources */ = {
			isa = PBXSourcesBuildPhase;
			buildActionMask = 2147483647;
			files = (
				A684129620A57108004BA33D /* ViewController.swift in Sources */,
				A684129420A57108004BA33D /* AppDelegate.swift in Sources */,
			);
			runOnlyForDeploymentPostprocessing = 0;
		};
		A68412A020A57109004BA33D /* Sources */ = {
			isa = PBXSourcesBuildPhase;
			buildActionMask = 2147483647;
			files = (
				A68412A920A57109004BA33D /* PropIQCreativeLabsTests.swift in Sources */,
			);
			runOnlyForDeploymentPostprocessing = 0;
		};
		A68412AB20A57109004BA33D /* Sources */ = {
			isa = PBXSourcesBuildPhase;
			buildActionMask = 2147483647;
			files = (
				A68412B420A57109004BA33D /* PropIQCreativeLabsUITests.swift in Sources */,
			);
			runOnlyForDeploymentPostprocessing = 0;
		};
/* End PBXSourcesBuildPhase section */

/* Begin PBXTargetDependency section */
		A68412A620A57109004BA33D /* PBXTargetDependency */ = {
			isa = PBXTargetDependency;
			target = A684128F20A57108004BA33D /* PropIQCreativeLabs */;
			targetProxy = A68412A520A57109004BA33D /* PBXContainerItemProxy */;
		};
		A68412B120A57109004BA33D /* PBXTargetDependency */ = {
			isa = PBXTargetDependency;
			target = A684128F20A57108004BA33D /* PropIQCreativeLabs */;
			targetProxy = A68412B020A57109004BA33D /* PBXContainerItemProxy */;
		};
/* End PBXTargetDependency section */

/* Begin PBXVariantGroup section */
		A684129720A57108004BA33D /* Main.storyboard */ = {
			isa = PBXVariantGroup;
			children = (
				A684129820A57108004BA33D /* Base */,
			);
			name = Main.storyboard;
			sourceTree = "<group>";
		};
		A684129C20A57109004BA33D /* LaunchScreen.storyboard */ = {
			isa = PBXVariantGroup;
			children = (
				A684129D20A57109004BA33D /* Base */,
			);
			name = LaunchScreen.storyboard;
			sourceTree = "<group>";
		};
/* End PBXVariantGroup section */

/* Begin XCBuildConfiguration section */
		A68412B620A57109004BA33D /* Debug */ = {
			isa = XCBuildConfiguration;
			buildSettings = {
				ALWAYS_SEARCH_USER_PATHS = NO;
				CLANG_ANALYZER_NONNULL = YES;
				CLANG_ANALYZER_NUMBER_OBJECT_CONVERSION = YES_AGGRESSIVE;
				CLANG_CXX_LANGUAGE_STANDARD = "gnu++14";
				CLANG_CXX_LIBRARY = "libc++";
				CLANG_ENABLE_MODULES = YES;
				CLANG_ENABLE_OBJC_ARC = YES;
				CLANG_ENABLE_OBJC_WEAK = YES;
				CLANG_WARN_BLOCK_CAPTURE_AUTORELEASING = YES;
				CLANG_WARN_BOOL_CONVERSION = YES;
				CLANG_WARN_COMMA = YES;
				CLANG_WARN_CONSTANT_CONVERSION = YES;
				CLANG_WARN_DEPRECATED_OBJC_IMPLEMENTATIONS = YES;
				CLANG_WARN_DIRECT_OBJC_ISA_USAGE = YES_ERROR;
				CLANG_WARN_DOCUMENTATION_COMMENTS = YES;
				CLANG_WARN_EMPTY_BODY = YES;
				CLANG_WARN_ENUM_CONVERSION = YES;
				CLANG_WARN_INFINITE_RECURSION = YES;
				CLANG_WARN_INT_CONVERSION = YES;
				CLANG_WARN_NON_LITERAL_NULL_CONVERSION = YES;
				CLANG_WARN_OBJC_IMPLICIT_RETAIN_SELF = YES;
				CLANG_WARN_OBJC_LITERAL_CONVERSION = YES;
				CLANG_WARN_OBJC_ROOT_CLASS = YES_ERROR;
				CLANG_WARN_RANGE_LOOP_ANALYSIS = YES;
				CLANG_WARN_STRICT_PROTOTYPES = YES;
				CLANG_WARN_SUSPICIOUS_MOVE = YES;
				CLANG_WARN_UNGUARDED_AVAILABILITY = YES_AGGRESSIVE;
				CLANG_WARN_UNREACHABLE_CODE = YES;
				CLANG_WARN__DUPLICATE_METHOD_MATCH = YES;
				CODE_SIGN_IDENTITY = "iPhone Developer";
				COPY_PHASE_STRIP = NO;
				DEBUG_INFORMATION_FORMAT = dwarf;
				ENABLE_STRICT_OBJC_MSGSEND = YES;
				ENABLE_TESTABILITY = YES;
				GCC_C_LANGUAGE_STANDARD = gnu11;
				GCC_DYNAMIC_NO_PIC = NO;
				GCC_NO_COMMON_BLOCKS = YES;
				GCC_OPTIMIZATION_LEVEL = 0;
				GCC_PREPROCESSOR_DEFINITIONS = (
					"DEBUG=1",
					"$(inherited)",
				);
				GCC_WARN_64_TO_32_BIT_CONVERSION = YES;
				GCC_WARN_ABOUT_RETURN_TYPE = YES_ERROR;
				GCC_WARN_UNDECLARED_SELECTOR = YES;
				GCC_WARN_UNINITIALIZED_AUTOS = YES_AGGRESSIVE;
				GCC_WARN_UNUSED_FUNCTION = YES;
				GCC_WARN_UNUSED_VARIABLE = YES;
				IPHONEOS_DEPLOYMENT_TARGET = 11.3;
				MTL_ENABLE_DEBUG_INFO = YES;
				ONLY_ACTIVE_ARCH = YES;
				SDKROOT = iphoneos;
				SWIFT_ACTIVE_COMPILATION_CONDITIONS = DEBUG;
				SWIFT_OPTIMIZATION_LEVEL = "-Onone";
			};
			name = Debug;
		};
		A68412B720A57109004BA33D /* Release */ = {
			isa = XCBuildConfiguration;
			buildSettings = {
				ALWAYS_SEARCH_USER_PATHS = NO;
				CLANG_ANALYZER_NONNULL = YES;
				CLANG_ANALYZER_NUMBER_OBJECT_CONVERSION = YES_AGGRESSIVE;
				CLANG_CXX_LANGUAGE_STANDARD = "gnu++14";
				CLANG_CXX_LIBRARY = "libc++";
				CLANG_ENABLE_MODULES = YES;
				CLANG_ENABLE_OBJC_ARC = YES;
				CLANG_ENABLE_OBJC_WEAK = YES;
				CLANG_WARN_BLOCK_CAPTURE_AUTORELEASING = YES;
				CLANG_WARN_BOOL_CONVERSION = YES;
				CLANG_WARN_COMMA = YES;
				CLANG_WARN_CONSTANT_CONVERSION = YES;
				CLANG_WARN_DEPRECATED_OBJC_IMPLEMENTATIONS = YES;
				CLANG_WARN_DIRECT_OBJC_ISA_USAGE = YES_ERROR;
				CLANG_WARN_DOCUMENTATION_COMMENTS = YES;
				CLANG_WARN_EMPTY_BODY = YES;
				CLANG_WARN_ENUM_CONVERSION = YES;
				CLANG_WARN_INFINITE_RECURSION = YES;
				CLANG_WARN_INT_CONVERSION = YES;
				CLANG_WARN_NON_LITERAL_NULL_CONVERSION = YES;
				CLANG_WARN_OBJC_IMPLICIT_RETAIN_SELF = YES;
				CLANG_WARN_OBJC_LITERAL_CONVERSION = YES;
				CLANG_WARN_OBJC_ROOT_CLASS = YES_ERROR;
				CLANG_WARN_RANGE_LOOP_ANALYSIS = YES;
				CLANG_WARN_STRICT_PROTOTYPES = YES;
				CLANG_WARN_SUSPICIOUS_MOVE = YES;
				CLANG_WARN_UNGUARDED_AVAILABILITY = YES_AGGRESSIVE;
				CLANG_WARN_UNREACHABLE_CODE = YES;
				CLANG_WARN__DUPLICATE_METHOD_MATCH = YES;
				CODE_SIGN_IDENTITY = "iPhone Developer";
				COPY_PHASE_STRIP = NO;
				DEBUG_INFORMATION_FORMAT = "dwarf-with-dsym";
				ENABLE_NS_ASSERTIONS = NO;
				ENABLE_STRICT_OBJC_MSGSEND = YES;
				GCC_C_LANGUAGE_STANDARD = gnu11;
				GCC_NO_COMMON_BLOCKS = YES;
				GCC_WARN_64_TO_32_BIT_CONVERSION = YES;
				GCC_WARN_ABOUT_RETURN_TYPE = YES_ERROR;
				GCC_WARN_UNDECLARED_SELECTOR = YES;
				GCC_WARN_UNINITIALIZED_AUTOS = YES_AGGRESSIVE;
				GCC_WARN_UNUSED_FUNCTION = YES;
				GCC_WARN_UNUSED_VARIABLE = YES;
				IPHONEOS_DEPLOYMENT_TARGET = 11.3;
				MTL_ENABLE_DEBUG_INFO = NO;
				SDKROOT = iphoneos;
				SWIFT_COMPILATION_MODE = wholemodule;
				SWIFT_OPTIMIZATION_LEVEL = "-O";
				VALIDATE_PRODUCT = YES;
			};
			name = Release;
		};
		A68412B920A57109004BA33D /* Debug */ = {
			isa = XCBuildConfiguration;
			buildSettings = {
				ASSETCATALOG_COMPILER_APPICON_NAME = AppIcon;
				CODE_SIGN_STYLE = Automatic;
				INFOPLIST_FILE = PropIQCreativeLabs/Info.plist;
				LD_RUNPATH_SEARCH_PATHS = (
					"$(inherited)",
					"@executable_path/Frameworks",
				);
				PRODUCT_BUNDLE_IDENTIFIER = Apptactics.PropIQCreativeLabs;
				PRODUCT_NAME = "$(TARGET_NAME)";
				SWIFT_VERSION = 4.0;
				TARGETED_DEVICE_FAMILY = "1,2";
			};
			name = Debug;
		};
		A68412BA20A57109004BA33D /* Release */ = {
			isa = XCBuildConfiguration;
			buildSettings = {
				ASSETCATALOG_COMPILER_APPICON_NAME = AppIcon;
				CODE_SIGN_STYLE = Automatic;
				INFOPLIST_FILE = PropIQCreativeLabs/Info.plist;
				LD_RUNPATH_SEARCH_PATHS = (
					"$(inherited)",
					"@executable_path/Frameworks",
				);
				PRODUCT_BUNDLE_IDENTIFIER = Apptactics.PropIQCreativeLabs;
				PRODUCT_NAME = "$(TARGET_NAME)";
				SWIFT_VERSION = 4.0;
				TARGETED_DEVICE_FAMILY = "1,2";
			};
			name = Release;
		};
		A68412BC20A57109004BA33D /* Debug */ = {
			isa = XCBuildConfiguration;
			buildSettings = {
				ALWAYS_EMBED_SWIFT_STANDARD_LIBRARIES = YES;
				BUNDLE_LOADER = "$(TEST_HOST)";
				CODE_SIGN_STYLE = Automatic;
				INFOPLIST_FILE = PropIQCreativeLabsTests/Info.plist;
				LD_RUNPATH_SEARCH_PATHS = (
					"$(inherited)",
					"@executable_path/Frameworks",
					"@loader_path/Frameworks",
				);
				PRODUCT_BUNDLE_IDENTIFIER = Apptactics.PropIQCreativeLabsTests;
				PRODUCT_NAME = "$(TARGET_NAME)";
				SWIFT_VERSION = 4.0;
				TARGETED_DEVICE_FAMILY = "1,2";
				TEST_HOST = "$(BUILT_PRODUCTS_DIR)/PropIQCreativeLabs.app/PropIQCreativeLabs";
			};
			name = Debug;
		};
		A68412BD20A57109004BA33D /* Release */ = {
			isa = XCBuildConfiguration;
			buildSettings = {
				ALWAYS_EMBED_SWIFT_STANDARD_LIBRARIES = YES;
				BUNDLE_LOADER = "$(TEST_HOST)";
				CODE_SIGN_STYLE = Automatic;
				INFOPLIST_FILE = PropIQCreativeLabsTests/Info.plist;
				LD_RUNPATH_SEARCH_PATHS = (
					"$(inherited)",
					"@executable_path/Frameworks",
					"@loader_path/Frameworks",
				);
				PRODUCT_BUNDLE_IDENTIFIER = Apptactics.PropIQCreativeLabsTests;
				PRODUCT_NAME = "$(TARGET_NAME)";
				SWIFT_VERSION = 4.0;
				TARGETED_DEVICE_FAMILY = "1,2";
				TEST_HOST = "$(BUILT_PRODUCTS_DIR)/PropIQCreativeLabs.app/PropIQCreativeLabs";
			};
			name = Release;
		};
		A68412BF20A57109004BA33D /* Debug */ = {
			isa = XCBuildConfiguration;
			buildSettings = {
				ALWAYS_EMBED_SWIFT_STANDARD_LIBRARIES = YES;
				CODE_SIGN_STYLE = Automatic;
				INFOPLIST_FILE = PropIQCreativeLabsUITests/Info.plist;
				LD_RUNPATH_SEARCH_PATHS = (
					"$(inherited)",
					"@executable_path/Frameworks",
					"@loader_path/Frameworks",
				);
				PRODUCT_BUNDLE_IDENTIFIER = Apptactics.PropIQCreativeLabsUITests;
				PRODUCT_NAME = "$(TARGET_NAME)";
				SWIFT_VERSION = 4.0;
				TARGETED_DEVICE_FAMILY = "1,2";
				TEST_TARGET_NAME = PropIQCreativeLabs;
			};
			name = Debug;
		};
		A68412C020A57109004BA33D /* Release */ = {
			isa = XCBuildConfiguration;
			buildSettings = {
				ALWAYS_EMBED_SWIFT_STANDARD_LIBRARIES = YES;
				CODE_SIGN_STYLE = Automatic;
				INFOPLIST_FILE = PropIQCreativeLabsUITests/Info.plist;
				LD_RUNPATH_SEARCH_PATHS = (
					"$(inherited)",
					"@executable_path/Frameworks",
					"@loader_path/Frameworks",
				);
				PRODUCT_BUNDLE_IDENTIFIER = Apptactics.PropIQCreativeLabsUITests;
				PRODUCT_NAME = "$(TARGET_NAME)";
				SWIFT_VERSION = 4.0;
				TARGETED_DEVICE_FAMILY = "1,2";
				TEST_TARGET_NAME = PropIQCreativeLabs;
			};
			name = Release;
		};
/* End XCBuildConfiguration section */

/* Begin XCConfigurationList section */
		A684128B20A57108004BA33D /* Build configuration list for PBXProject "PropIQCreativeLabs" */ = {
			isa = XCConfigurationList;
			buildConfigurations = (
				A68412B620A57109004BA33D /* Debug */,
				A68412B720A57109004BA33D /* Release */,
			);
			defaultConfigurationIsVisible = 0;
			defaultConfigurationName = Release;
		};
		A68412B820A57109004BA33D /* Build configuration list for PBXNativeTarget "PropIQCreativeLabs" */ = {
			isa = XCConfigurationList;
			buildConfigurations = (
				A68412B920A57109004BA33D /* Debug */,
				A68412BA20A57109004BA33D /* Release */,
			);
			defaultConfigurationIsVisible = 0;
			defaultConfigurationName = Release;
		};
		A68412BB20A57109004BA33D /* Build configuration list for PBXNativeTarget "PropIQCreativeLabsTests" */ = {
			isa = XCConfigurationList;
			buildConfigurations = (
				A68412BC20A57109004BA33D /* Debug */,
				A68412BD20A57109004BA33D /* Release */,
			);
			defaultConfigurationIsVisible = 0;
			defaultConfigurationName = Release;
		};
		A68412BE20A57109004BA33D /* Build configuration list for PBXNativeTarget "PropIQCreativeLabsUITests" */ = {
			isa = XCConfigurationList;
			buildConfigurations = (
				A68412BF20A57109004BA33D /* Debug */,
				A68412C020A57109004BA33D /* Release */,
			);
			defaultConfigurationIsVisible = 0;
			defaultConfigurationName = Release;
		};
/* End XCConfigurationList section */
	};
	rootObject = A684128820A57108004BA33D /* Project object */;
}
